
Microsoft Visual Studio Solution File, Format Version 12.00
# Visual Studio Version 17
VisualStudioVersion = 17.4.33103.184
MinimumVisualStudioVersion = 10.0.40219.1
Project("{FAE04EC0-301F-11D3-BF4B-00C04F79EFBC}") = "DemotivatorBot", "DemotivatorBot\DemotivatorBot.csproj", "{A07ED594-357B-4DAC-A054-15A8493C1E24}"
EndProject
Global
	GlobalSection(SolutionConfigurationPlatforms) = preSolution
		Debug|Any CPU = Debug|Any CPU
		Release|Any CPU = Release|Any CPU
	EndGlobalSection
	GlobalSection(ProjectConfigurationPlatforms) = postSolution
		{A07ED594-357B-4DAC-A054-15A8493C1E24}.Debug|Any CPU.ActiveCfg = Debug|Any CPU
		{A07ED594-357B-4DAC-A054-15A8493C1E24}.Debug|Any CPU.Build.0 = Debug|Any CPU
		{A07ED594-357B-4DAC-A054-15A8493C1E24}.Release|Any CPU.ActiveCfg = Release|Any CPU
		{A07ED594-357B-4DAC-A054-15A8493C1E24}.Release|Any CPU.Build.0 = Release|Any CPU
	EndGlobalSection
	GlobalSection(SolutionProperties) = preSolution
		HideSolutionNode = FALSE
	EndGlobalSection
	GlobalSection(ExtensibilityGlobals) = postSolution
		SolutionGuid = {035A7FA1-A7FB-4B5F-BAAA-B3B903113247}
	EndGlobalSection
EndGlobal
